Microsoft Visual Studio Solution File, Format Version 11.00
# Visual Studio 2010
Project("{8BC9CEB8-8B4A-11D0-8D11-00A0C91BC942}") = "XImage.v10", "XImage\XImage.v10.vcxproj", "{F10B51AC-1AF3-40D0-A536-6991A893EF2B}"
	ProjectSection(ProjectDependencies) = postProject
		{F09DAEC2-21E1-4170-BDDD-68915AEC37BE} = {F09DAEC2-21E1-4170-BDDD-68915AEC37BE}
	EndProjectSection
EndProject
Project("{8BC9CEB8-8B4A-11D0-8D11-00A0C91BC942}") = "XImageView.v10", "XImageView\XImageView.v10.vcxproj", "{A17C12A8-4D11-45D4-BED4-F93652467548}"
	ProjectSection(ProjectDependencies) = postProject
		{6FB00808-46A9-49FD-8FFB-D5FE4F39A032} = {6FB00808-46A9-49FD-8FFB-D5FE4F39A032}
		{F10B51AC-1AF3-40D0-A536-6991A893EF2B} = {F10B51AC-1AF3-40D0-A536-6991A893EF2B}
		{F09DAEC2-21E1-4170-BDDD-68915AEC37BE} = {F09DAEC2-21E1-4170-BDDD-68915AEC37BE}
	EndProjectSection
EndProject
Project("{8BC9CEB8-8B4A-11D0-8D11-00A0C91BC942}") = "XUtil.v10", "XUtil\XUtil.v10.vcxproj", "{F09DAEC2-21E1-4170-BDDD-68915AEC37BE}"
EndProject
Project("{8BC9CEB8-8B4A-11D0-8D11-00A0C91BC942}") = "XGraphic.v10", "XGraphic\XGraphic.v10.vcxproj", "{6FB00808-46A9-49FD-8FFB-D5FE4F39A032}"
	ProjectSection(ProjectDependencies) = postProject
		{F09DAEC2-21E1-4170-BDDD-68915AEC37BE} = {F09DAEC2-21E1-4170-BDDD-68915AEC37BE}
	EndProjectSection
EndProject
Project("{8BC9CEB8-8B4A-11D0-8D11-00A0C91BC942}") = "ImageViewTest.v10", "ImageViewTest\ImageViewTest.v10.vcxproj", "{693B782A-7591-4751-AD37-B2736CAD746E}"
	ProjectSection(ProjectDependencies) = postProject
		{A17C12A8-4D11-45D4-BED4-F93652467548} = {A17C12A8-4D11-45D4-BED4-F93652467548}
	EndProjectSection
EndProject
Global
	GlobalSection(SolutionConfigurationPlatforms) = preSolution
		Debug|Win32 = Debug|Win32
		Debug|x64 = Debug|x64
		Multibyte_Debug|Win32 = Multibyte_Debug|Win32
		Multibyte_Debug|x64 = Multibyte_Debug|x64
		Multibyte_Release|Win32 = Multibyte_Release|Win32
		Multibyte_Release|x64 = Multibyte_Release|x64
		Release|Win32 = Release|Win32
		Release|x64 = Release|x64
	EndGlobalSection
	GlobalSection(ProjectConfigurationPlatforms) = postSolution
		{F10B51AC-1AF3-40D0-A536-6991A893EF2B}.Debug|Win32.ActiveCfg = Debug|Win32
		{F10B51AC-1AF3-40D0-A536-6991A893EF2B}.Debug|Win32.Build.0 = Debug|Win32
		{F10B51AC-1AF3-40D0-A536-6991A893EF2B}.Debug|x64.ActiveCfg = Debug|x64
		{F10B51AC-1AF3-40D0-A536-6991A893EF2B}.Debug|x64.Build.0 = Debug|x64
		{F10B51AC-1AF3-40D0-A536-6991A893EF2B}.Multibyte_Debug|Win32.ActiveCfg = Multibyte_Debug|Win32
		{F10B51AC-1AF3-40D0-A536-6991A893EF2B}.Multibyte_Debug|Win32.Build.0 = Multibyte_Debug|Win32
		{F10B51AC-1AF3-40D0-A536-6991A893EF2B}.Multibyte_Debug|x64.ActiveCfg = Multibyte_Debug|x64
		{F10B51AC-1AF3-40D0-A536-6991A893EF2B}.Multibyte_Debug|x64.Build.0 = Multibyte_Debug|x64
		{F10B51AC-1AF3-40D0-A536-6991A893EF2B}.Multibyte_Release|Win32.ActiveCfg = Multibyte_Release|Win32
		{F10B51AC-1AF3-40D0-A536-6991A893EF2B}.Multibyte_Release|Win32.Build.0 = Multibyte_Release|Win32
		{F10B51AC-1AF3-40D0-A536-6991A893EF2B}.Multibyte_Release|x64.ActiveCfg = Multibyte_Release|x64
		{F10B51AC-1AF3-40D0-A536-6991A893EF2B}.Multibyte_Release|x64.Build.0 = Multibyte_Release|x64
		{F10B51AC-1AF3-40D0-A536-6991A893EF2B}.Release|Win32.ActiveCfg = Release|Win32
		{F10B51AC-1AF3-40D0-A536-6991A893EF2B}.Release|Win32.Build.0 = Release|Win32
		{F10B51AC-1AF3-40D0-A536-6991A893EF2B}.Release|x64.ActiveCfg = Release|x64
		{F10B51AC-1AF3-40D0-A536-6991A893EF2B}.Release|x64.Build.0 = Release|x64
		{A17C12A8-4D11-45D4-BED4-F93652467548}.Debug|Win32.ActiveCfg = Debug|Win32
		{A17C12A8-4D11-45D4-BED4-F93652467548}.Debug|Win32.Build.0 = Debug|Win32
		{A17C12A8-4D11-45D4-BED4-F93652467548}.Debug|x64.ActiveCfg = Debug|x64
		{A17C12A8-4D11-45D4-BED4-F93652467548}.Debug|x64.Build.0 = Debug|x64
		{A17C12A8-4D11-45D4-BED4-F93652467548}.Multibyte_Debug|Win32.ActiveCfg = Multibyte_Debug|Win32
		{A17C12A8-4D11-45D4-BED4-F93652467548}.Multibyte_Debug|Win32.Build.0 = Multibyte_Debug|Win32
		{A17C12A8-4D11-45D4-BED4-F93652467548}.Multibyte_Debug|x64.ActiveCfg = Multibyte_Debug|x64
		{A17C12A8-4D11-45D4-BED4-F93652467548}.Multibyte_Debug|x64.Build.0 = Multibyte_Debug|x64
		{A17C12A8-4D11-45D4-BED4-F93652467548}.Multibyte_Release|Win32.ActiveCfg = Multibyte_Release|Win32
		{A17C12A8-4D11-45D4-BED4-F93652467548}.Multibyte_Release|Win32.Build.0 = Multibyte_Release|Win32
		{A17C12A8-4D11-45D4-BED4-F93652467548}.Multibyte_Release|x64.ActiveCfg = Multibyte_Release|x64
		{A17C12A8-4D11-45D4-BED4-F93652467548}.Multibyte_Release|x64.Build.0 = Multibyte_Release|x64
		{A17C12A8-4D11-45D4-BED4-F93652467548}.Release|Win32.ActiveCfg = Release|Win32
		{A17C12A8-4D11-45D4-BED4-F93652467548}.Release|Win32.Build.0 = Release|Win32
		{A17C12A8-4D11-45D4-BED4-F93652467548}.Release|x64.ActiveCfg = Release|x64
		{A17C12A8-4D11-45D4-BED4-F93652467548}.Release|x64.Build.0 = Release|x64
		{F09DAEC2-21E1-4170-BDDD-68915AEC37BE}.Debug|Win32.ActiveCfg = Debug|Win32
		{F09DAEC2-21E1-4170-BDDD-68915AEC37BE}.Debug|Win32.Build.0 = Debug|Win32
		{F09DAEC2-21E1-4170-BDDD-68915AEC37BE}.Debug|x64.ActiveCfg = Debug|x64
		{F09DAEC2-21E1-4170-BDDD-68915AEC37BE}.Debug|x64.Build.0 = Debug|x64
		{F09DAEC2-21E1-4170-BDDD-68915AEC37BE}.Multibyte_Debug|Win32.ActiveCfg = Multibyte_Debug|Win32
		{F09DAEC2-21E1-4170-BDDD-68915AEC37BE}.Multibyte_Debug|Win32.Build.0 = Multibyte_Debug|Win32
		{F09DAEC2-21E1-4170-BDDD-68915AEC37BE}.Multibyte_Debug|x64.ActiveCfg = Multibyte_Debug|x64
		{F09DAEC2-21E1-4170-BDDD-68915AEC37BE}.Multibyte_Debug|x64.Build.0 = Multibyte_Debug|x64
		{F09DAEC2-21E1-4170-BDDD-68915AEC37BE}.Multibyte_Release|Win32.ActiveCfg = Multibyte_Release|Win32
		{F09DAEC2-21E1-4170-BDDD-68915AEC37BE}.Multibyte_Release|Win32.Build.0 = Multibyte_Release|Win32
		{F09DAEC2-21E1-4170-BDDD-68915AEC37BE}.Multibyte_Release|x64.ActiveCfg = Multibyte_Release|x64
		{F09DAEC2-21E1-4170-BDDD-68915AEC37BE}.Multibyte_Release|x64.Build.0 = Multibyte_Release|x64
		{F09DAEC2-21E1-4170-BDDD-68915AEC37BE}.Release|Win32.ActiveCfg = Release|Win32
		{F09DAEC2-21E1-4170-BDDD-68915AEC37BE}.Release|Win32.Build.0 = Release|Win32
		{F09DAEC2-21E1-4170-BDDD-68915AEC37BE}.Release|x64.ActiveCfg = Release|x64
		{F09DAEC2-21E1-4170-BDDD-68915AEC37BE}.Release|x64.Build.0 = Release|x64
		{6FB00808-46A9-49FD-8FFB-D5FE4F39A032}.Debug|Win32.ActiveCfg = Debug|Win32
		{6FB00808-46A9-49FD-8FFB-D5FE4F39A032}.Debug|Win32.Build.0 = Debug|Win32
		{6FB00808-46A9-49FD-8FFB-D5FE4F39A032}.Debug|x64.ActiveCfg = Debug|x64
		{6FB00808-46A9-49FD-8FFB-D5FE4F39A032}.Debug|x64.Build.0 = Debug|x64
		{6FB00808-46A9-49FD-8FFB-D5FE4F39A032}.Multibyte_Debug|Win32.ActiveCfg = Multibyte_Debug|Win32
		{6FB00808-46A9-49FD-8FFB-D5FE4F39A032}.Multibyte_Debug|Win32.Build.0 = Multibyte_Debug|Win32
		{6FB00808-46A9-49FD-8FFB-D5FE4F39A032}.Multibyte_Debug|x64.ActiveCfg = Multibyte_Debug|x64
		{6FB00808-46A9-49FD-8FFB-D5FE4F39A032}.Multibyte_Debug|x64.Build.0 = Multibyte_Debug|x64
		{6FB00808-46A9-49FD-8FFB-D5FE4F39A032}.Multibyte_Release|Win32.ActiveCfg = Multibyte_Release|Win32
		{6FB00808-46A9-49FD-8FFB-D5FE4F39A032}.Multibyte_Release|Win32.Build.0 = Multibyte_Release|Win32
		{6FB00808-46A9-49FD-8FFB-D5FE4F39A032}.Multibyte_Release|x64.ActiveCfg = Multibyte_Release|x64
		{6FB00808-46A9-49FD-8FFB-D5FE4F39A032}.Multibyte_Release|x64.Build.0 = Multibyte_Release|x64
		{6FB00808-46A9-49FD-8FFB-D5FE4F39A032}.Release|Win32.ActiveCfg = Release|Win32
		{6FB00808-46A9-49FD-8FFB-D5FE4F39A032}.Release|Win32.Build.0 = Release|Win32
		{6FB00808-46A9-49FD-8FFB-D5FE4F39A032}.Release|x64.ActiveCfg = Release|x64
		{6FB00808-46A9-49FD-8FFB-D5FE4F39A032}.Release|x64.Build.0 = Release|x64
		{693B782A-7591-4751-AD37-B2736CAD746E}.Debug|Win32.ActiveCfg = Debug|Win32
		{693B782A-7591-4751-AD37-B2736CAD746E}.Debug|Win32.Build.0 = Debug|Win32
		{693B782A-7591-4751-AD37-B2736CAD746E}.Debug|x64.ActiveCfg = Debug|x64
		{693B782A-7591-4751-AD37-B2736CAD746E}.Debug|x64.Build.0 = Debug|x64
		{693B782A-7591-4751-AD37-B2736CAD746E}.Multibyte_Debug|Win32.ActiveCfg = Multibyte_Debug|Win32
		{693B782A-7591-4751-AD37-B2736CAD746E}.Multibyte_Debug|Win32.Build.0 = Multibyte_Debug|Win32
		{693B782A-7591-4751-AD37-B2736CAD746E}.Multibyte_Debug|x64.ActiveCfg = Multibyte_Debug|x64
		{693B782A-7591-4751-AD37-B2736CAD746E}.Multibyte_Debug|x64.Build.0 = Multibyte_Debug|x64
		{693B782A-7591-4751-AD37-B2736CAD746E}.Multibyte_Release|Win32.ActiveCfg = Multibyte_Release|Win32
		{693B782A-7591-4751-AD37-B2736CAD746E}.Multibyte_Release|Win32.Build.0 = Multibyte_Release|Win32
		{693B782A-7591-4751-AD37-B2736CAD746E}.Multibyte_Release|x64.ActiveCfg = Multibyte_Release|x64
		{693B782A-7591-4751-AD37-B2736CAD746E}.Multibyte_Release|x64.Build.0 = Multibyte_Release|x64
		{693B782A-7591-4751-AD37-B2736CAD746E}.Release|Win32.ActiveCfg = Release|Win32
		{693B782A-7591-4751-AD37-B2736CAD746E}.Release|Win32.Build.0 = Release|Win32
		{693B782A-7591-4751-AD37-B2736CAD746E}.Release|x64.ActiveCfg = Release|x64
		{693B782A-7591-4751-AD37-B2736CAD746E}.Release|x64.Build.0 = Release|x64
	EndGlobalSection
	GlobalSection(SolutionProperties) = preSolution
		HideSolutionNode = FALSE
	EndGlobalSection
EndGlobal
