<?xml version="1.0" encoding="utf-8"?>
<Project ToolsVersion="4.0" xmlns="http://schemas.microsoft.com/developer/msbuild/2003">
  <ItemGroup>
    <Filter Include="소스 파일">
      <UniqueIdentifier>{4FC737F1-C7A5-4376-A066-2A32D752A2FF}</UniqueIdentifier>
      <Extensions>cpp;c;cc;cxx;def;odl;idl;hpj;bat;asm;asmx</Extensions>
    </Filter>
    <Filter Include="헤더 파일">
      <UniqueIdentifier>{93995380-89BD-4b04-88EB-625FBE52EBFB}</UniqueIdentifier>
      <Extensions>h;hpp;hxx;hm;inl;inc;xsd</Extensions>
    </Filter>
    <Filter Include="리소스 파일">
      <UniqueIdentifier>{67DA6AB6-F800-4c08-8B7A-83BB121AAD01}</UniqueIdentifier>
      <Extensions>rc;ico;cur;bmp;dlg;rc2;rct;bin;rgs;gif;jpg;jpeg;jpe;resx;tiff;tif;png;wav;mfcribbon-ms</Extensions>
    </Filter>
  </ItemGroup>
  <ItemGroup>
    <Text Include="ReadMe.txt" />
  </ItemGroup>
  <ItemGroup>
    <ClInclude Include="stdafx.h">
      <Filter>헤더 파일</Filter>
    </ClInclude>
    <ClInclude Include="targetver.h">
      <Filter>헤더 파일</Filter>
    </ClInclude>
    <ClInclude Include="Include\XUtil\export.h">
      <Filter>헤더 파일</Filter>
    </ClInclude>
    <ClInclude Include="Include\XUtil\Comm\xClientSocketTCP.h">
      <Filter>헤더 파일</Filter>
    </ClInclude>
    <ClInclude Include="Include\XUtil\Comm\xIoBuffer.h">
      <Filter>헤더 파일</Filter>
    </ClInclude>
    <ClInclude Include="Include\XUtil\Comm\xSerialComm.h">
      <Filter>헤더 파일</Filter>
    </ClInclude>
    <ClInclude Include="Include\XUtil\Comm\xServerSocketTCP.h">
      <Filter>헤더 파일</Filter>
    </ClInclude>
    <ClInclude Include="Include\XUtil\Comm\xSimpleSocket.h">
      <Filter>헤더 파일</Filter>
    </ClInclude>
    <ClInclude Include="Include\XUtil\DebugSupport\xDebug.h">
      <Filter>헤더 파일</Filter>
    </ClInclude>
    <ClInclude Include="Include\XUtil\Log\xLogSystem.h">
      <Filter>헤더 파일</Filter>
    </ClInclude>
    <ClInclude Include="Include\XUtil\String\xStdString.h">
      <Filter>헤더 파일</Filter>
    </ClInclude>
    <ClInclude Include="Include\XUtil\String\xString.h">
      <Filter>헤더 파일</Filter>
    </ClInclude>
    <ClInclude Include="Include\XUtil\Xml\xXml.h">
      <Filter>헤더 파일</Filter>
    </ClInclude>
    <ClInclude Include="Include\XUtil\xArchive.h">
      <Filter>헤더 파일</Filter>
    </ClInclude>
    <ClInclude Include="Include\XUtil\xAutoResetEvent.h">
      <Filter>헤더 파일</Filter>
    </ClInclude>
    <ClInclude Include="Include\XUtil\xCriticalSection.h">
      <Filter>헤더 파일</Filter>
    </ClInclude>
    <ClInclude Include="Include\XUtil\xEvent.h">
      <Filter>헤더 파일</Filter>
    </ClInclude>
    <ClInclude Include="Include\XUtil\xException.h">
      <Filter>헤더 파일</Filter>
    </ClInclude>
    <ClInclude Include="Include\XUtil\xFile.h">
      <Filter>헤더 파일</Filter>
    </ClInclude>
    <ClInclude Include="Include\XUtil\xICriticalSectionFactory.h">
      <Filter>헤더 파일</Filter>
    </ClInclude>
    <ClInclude Include="Include\XUtil\xIo.h">
      <Filter>헤더 파일</Filter>
    </ClInclude>
    <ClInclude Include="Include\XUtil\xManualResetEvent.h">
      <Filter>헤더 파일</Filter>
    </ClInclude>
    <ClInclude Include="Include\XUtil\xMemFile.h">
      <Filter>헤더 파일</Filter>
    </ClInclude>
    <ClInclude Include="Include\XUtil\xMmTimers.h">
      <Filter>헤더 파일</Filter>
    </ClInclude>
    <ClInclude Include="Include\XUtil\xOleDateTime.h">
      <Filter>헤더 파일</Filter>
    </ClInclude>
    <ClInclude Include="Include\XUtil\xSharedCriticalSection.h">
      <Filter>헤더 파일</Filter>
    </ClInclude>
    <ClInclude Include="Include\XUtil\xStopWatch.h">
      <Filter>헤더 파일</Filter>
    </ClInclude>
    <ClInclude Include="Include\XUtil\xSystemInfo.h">
      <Filter>헤더 파일</Filter>
    </ClInclude>
    <ClInclude Include="Include\XUtil\xThread.h">
      <Filter>헤더 파일</Filter>
    </ClInclude>
    <ClInclude Include="Include\XUtil\xTime.h">
      <Filter>헤더 파일</Filter>
    </ClInclude>
    <ClInclude Include="Include\XUtil\xUtil.h">
      <Filter>헤더 파일</Filter>
    </ClInclude>
    <ClInclude Include="Include\XUtil\xUtils.h">
      <Filter>헤더 파일</Filter>
    </ClInclude>
    <ClInclude Include="Include\XUtil\xWin32Exception.h">
      <Filter>헤더 파일</Filter>
    </ClInclude>
    <ClInclude Include="xADODB.h">
      <Filter>헤더 파일</Filter>
    </ClInclude>
    <ClInclude Include="Include\XUtil\DB\xSimpleADO.h">
      <Filter>헤더 파일</Filter>
    </ClInclude>
    <ClInclude Include="Include\XUtil\xMultimonSupport.h">
      <Filter>헤더 파일</Filter>
    </ClInclude>
    <ClInclude Include="Include\XUtil\Comm\xPingUtil.h">
      <Filter>헤더 파일</Filter>
    </ClInclude>
  </ItemGroup>
  <ItemGroup>
    <ClCompile Include="stdafx.cpp">
      <Filter>소스 파일</Filter>
    </ClCompile>
    <ClCompile Include="xAutoResetEvent.cpp">
      <Filter>소스 파일</Filter>
    </ClCompile>
    <ClCompile Include="xClientSocketTCP.cpp">
      <Filter>소스 파일</Filter>
    </ClCompile>
    <ClCompile Include="xCriticalSection.cpp">
      <Filter>소스 파일</Filter>
    </ClCompile>
    <ClCompile Include="xEvent.cpp">
      <Filter>소스 파일</Filter>
    </ClCompile>
    <ClCompile Include="xException.cpp">
      <Filter>소스 파일</Filter>
    </ClCompile>
    <ClCompile Include="xFile.cpp">
      <Filter>소스 파일</Filter>
    </ClCompile>
    <ClCompile Include="xIoBuffer.cpp">
      <Filter>소스 파일</Filter>
    </ClCompile>
    <ClCompile Include="xLogSystem.cpp">
      <Filter>소스 파일</Filter>
    </ClCompile>
    <ClCompile Include="xManualResetEvent.cpp">
      <Filter>소스 파일</Filter>
    </ClCompile>
    <ClCompile Include="xMemFile.cpp">
      <Filter>소스 파일</Filter>
    </ClCompile>
    <ClCompile Include="xOleDateTime.cpp">
      <Filter>소스 파일</Filter>
    </ClCompile>
    <ClCompile Include="xSerialComm.cpp">
      <Filter>소스 파일</Filter>
    </ClCompile>
    <ClCompile Include="xServerSocketTCP.cpp">
      <Filter>소스 파일</Filter>
    </ClCompile>
    <ClCompile Include="xSharedCriticalSection.cpp">
      <Filter>소스 파일</Filter>
    </ClCompile>
    <ClCompile Include="xSimpleSocket.cpp">
      <Filter>소스 파일</Filter>
    </ClCompile>
    <ClCompile Include="xStdString.cpp">
      <Filter>소스 파일</Filter>
    </ClCompile>
    <ClCompile Include="xString.cpp">
      <Filter>소스 파일</Filter>
    </ClCompile>
    <ClCompile Include="xThread.cpp">
      <Filter>소스 파일</Filter>
    </ClCompile>
    <ClCompile Include="xUtils.cpp">
      <Filter>소스 파일</Filter>
    </ClCompile>
    <ClCompile Include="xWin32Exception.cpp">
      <Filter>소스 파일</Filter>
    </ClCompile>
    <ClCompile Include="xXml.cpp">
      <Filter>소스 파일</Filter>
    </ClCompile>
    <ClCompile Include="xDebug.cpp">
      <Filter>소스 파일</Filter>
    </ClCompile>
    <ClCompile Include="xStopWatch.cpp">
      <Filter>소스 파일</Filter>
    </ClCompile>
    <ClCompile Include="xMmTimers.cpp">
      <Filter>소스 파일</Filter>
    </ClCompile>
    <ClCompile Include="dllmain.cpp">
      <Filter>소스 파일</Filter>
    </ClCompile>
    <ClCompile Include="xADODB.cpp">
      <Filter>소스 파일</Filter>
    </ClCompile>
    <ClCompile Include="xSimpleADO.cpp">
      <Filter>소스 파일</Filter>
    </ClCompile>
    <ClCompile Include="xMultimonSupport.cpp">
      <Filter>소스 파일</Filter>
    </ClCompile>
    <ClCompile Include="xPingUtil.cpp">
      <Filter>소스 파일</Filter>
    </ClCompile>
  </ItemGroup>
  <ItemGroup>
    <None Include="Include\XUtil\xTime.inl">
      <Filter>헤더 파일</Filter>
    </None>
  </ItemGroup>
</Project>